
Microsoft Visual Studio Solution File, Format Version 12.00
# Visual Studio Version 17
VisualStudioVersion = 17.0.31903.59
MinimumVisualStudioVersion = 10.0.40219.1
Project("{2150E333-8FDC-42A3-9474-1A3956D46DE8}") = "src", "src", "{827E0CD3-B72D-47B6-A68D-7590B98EB39B}"
EndProject
Project("{FAE04EC0-301F-11D3-BF4B-00C04F79EFBC}") = "Devlog.Api", "src\Devlog.Api\Devlog.Api.csproj", "{47B524AB-280A-4979-9F75-781CEA14E9EA}"
EndProject
Project("{FAE04EC0-301F-11D3-BF4B-00C04F79EFBC}") = "Devlog.Application", "src\Devlog.Application\Devlog.Application.csproj", "{B34C9C9D-433C-40C3-A51B-5AF5AF2F2FB3}"
EndProject
Project("{2150E333-8FDC-42A3-9474-1A3956D46DE8}") = "Devlog.Domain", "Devlog.Domain", "{85F86154-6095-5605-372C-0FBDF165C1A4}"
EndProject
Project("{FAE04EC0-301F-11D3-BF4B-00C04F79EFBC}") = "DevLog.Domain", "src\Devlog.Domain\DevLog.Domain.csproj", "{384F27E0-CDE3-4F36-AE79-2400BDC9F247}"
EndProject
Project("{FAE04EC0-301F-11D3-BF4B-00C04F79EFBC}") = "Devlog.Infrastructure", "src\Devlog.Infrastructure\Devlog.Infrastructure.csproj", "{7D9F12AC-8EEF-485E-B1B8-FD68F319D8C2}"
EndProject
Project("{FAE04EC0-301F-11D3-BF4B-00C04F79EFBC}") = "Devlog.Shared", "src\Devlog.Shared\Devlog.Shared.csproj", "{1B3DA846-07FB-473D-BA20-517BACF814DD}"
EndProject
Project("{2150E333-8FDC-42A3-9474-1A3956D46DE8}") = "test", "test", "{0C88DD14-F956-CE84-757C-A364CCF449FC}"
EndProject
Project("{FAE04EC0-301F-11D3-BF4B-00C04F79EFBC}") = "Devlog.Tests", "test\Devlog.Tests\Devlog.Tests.csproj", "{B4E0340F-053A-4CD4-801E-364326762E94}"
EndProject
Global
	GlobalSection(SolutionConfigurationPlatforms) = preSolution
		Debug|Any CPU = Debug|Any CPU
		Debug|x64 = Debug|x64
		Debug|x86 = Debug|x86
		Release|Any CPU = Release|Any CPU
		Release|x64 = Release|x64
		Release|x86 = Release|x86
	EndGlobalSection
	GlobalSection(ProjectConfigurationPlatforms) = postSolution
		{47B524AB-280A-4979-9F75-781CEA14E9EA}.Debug|Any CPU.ActiveCfg = Debug|Any CPU
		{47B524AB-280A-4979-9F75-781CEA14E9EA}.Debug|Any CPU.Build.0 = Debug|Any CPU
		{47B524AB-280A-4979-9F75-781CEA14E9EA}.Debug|x64.ActiveCfg = Debug|Any CPU
		{47B524AB-280A-4979-9F75-781CEA14E9EA}.Debug|x64.Build.0 = Debug|Any CPU
		{47B524AB-280A-4979-9F75-781CEA14E9EA}.Debug|x86.ActiveCfg = Debug|Any CPU
		{47B524AB-280A-4979-9F75-781CEA14E9EA}.Debug|x86.Build.0 = Debug|Any CPU
		{47B524AB-280A-4979-9F75-781CEA14E9EA}.Release|Any CPU.ActiveCfg = Release|Any CPU
		{47B524AB-280A-4979-9F75-781CEA14E9EA}.Release|Any CPU.Build.0 = Release|Any CPU
		{47B524AB-280A-4979-9F75-781CEA14E9EA}.Release|x64.ActiveCfg = Release|Any CPU
		{47B524AB-280A-4979-9F75-781CEA14E9EA}.Release|x64.Build.0 = Release|Any CPU
		{47B524AB-280A-4979-9F75-781CEA14E9EA}.Release|x86.ActiveCfg = Release|Any CPU
		{47B524AB-280A-4979-9F75-781CEA14E9EA}.Release|x86.Build.0 = Release|Any CPU
		{B34C9C9D-433C-40C3-A51B-5AF5AF2F2FB3}.Debug|Any CPU.ActiveCfg = Debug|Any CPU
		{B34C9C9D-433C-40C3-A51B-5AF5AF2F2FB3}.Debug|Any CPU.Build.0 = Debug|Any CPU
		{B34C9C9D-433C-40C3-A51B-5AF5AF2F2FB3}.Debug|x64.ActiveCfg = Debug|Any CPU
		{B34C9C9D-433C-40C3-A51B-5AF5AF2F2FB3}.Debug|x64.Build.0 = Debug|Any CPU
		{B34C9C9D-433C-40C3-A51B-5AF5AF2F2FB3}.Debug|x86.ActiveCfg = Debug|Any CPU
		{B34C9C9D-433C-40C3-A51B-5AF5AF2F2FB3}.Debug|x86.Build.0 = Debug|Any CPU
		{B34C9C9D-433C-40C3-A51B-5AF5AF2F2FB3}.Release|Any CPU.ActiveCfg = Release|Any CPU
		{B34C9C9D-433C-40C3-A51B-5AF5AF2F2FB3}.Release|Any CPU.Build.0 = Release|Any CPU
		{B34C9C9D-433C-40C3-A51B-5AF5AF2F2FB3}.Release|x64.ActiveCfg = Release|Any CPU
		{B34C9C9D-433C-40C3-A51B-5AF5AF2F2FB3}.Release|x64.Build.0 = Release|Any CPU
		{B34C9C9D-433C-40C3-A51B-5AF5AF2F2FB3}.Release|x86.ActiveCfg = Release|Any CPU
		{B34C9C9D-433C-40C3-A51B-5AF5AF2F2FB3}.Release|x86.Build.0 = Release|Any CPU
		{384F27E0-CDE3-4F36-AE79-2400BDC9F247}.Debug|Any CPU.ActiveCfg = Debug|Any CPU
		{384F27E0-CDE3-4F36-AE79-2400BDC9F247}.Debug|Any CPU.Build.0 = Debug|Any CPU
		{384F27E0-CDE3-4F36-AE79-2400BDC9F247}.Debug|x64.ActiveCfg = Debug|Any CPU
		{384F27E0-CDE3-4F36-AE79-2400BDC9F247}.Debug|x64.Build.0 = Debug|Any CPU
		{384F27E0-CDE3-4F36-AE79-2400BDC9F247}.Debug|x86.ActiveCfg = Debug|Any CPU
		{384F27E0-CDE3-4F36-AE79-2400BDC9F247}.Debug|x86.Build.0 = Debug|Any CPU
		{384F27E0-CDE3-4F36-AE79-2400BDC9F247}.Release|Any CPU.ActiveCfg = Release|Any CPU
		{384F27E0-CDE3-4F36-AE79-2400BDC9F247}.Release|Any CPU.Build.0 = Release|Any CPU
		{384F27E0-CDE3-4F36-AE79-2400BDC9F247}.Release|x64.ActiveCfg = Release|Any CPU
		{384F27E0-CDE3-4F36-AE79-2400BDC9F247}.Release|x64.Build.0 = Release|Any CPU
		{384F27E0-CDE3-4F36-AE79-2400BDC9F247}.Release|x86.ActiveCfg = Release|Any CPU
		{384F27E0-CDE3-4F36-AE79-2400BDC9F247}.Release|x86.Build.0 = Release|Any CPU
		{7D9F12AC-8EEF-485E-B1B8-FD68F319D8C2}.Debug|Any CPU.ActiveCfg = Debug|Any CPU
		{7D9F12AC-8EEF-485E-B1B8-FD68F319D8C2}.Debug|Any CPU.Build.0 = Debug|Any CPU
		{7D9F12AC-8EEF-485E-B1B8-FD68F319D8C2}.Debug|x64.ActiveCfg = Debug|Any CPU
		{7D9F12AC-8EEF-485E-B1B8-FD68F319D8C2}.Debug|x64.Build.0 = Debug|Any CPU
		{7D9F12AC-8EEF-485E-B1B8-FD68F319D8C2}.Debug|x86.ActiveCfg = Debug|Any CPU
		{7D9F12AC-8EEF-485E-B1B8-FD68F319D8C2}.Debug|x86.Build.0 = Debug|Any CPU
		{7D9F12AC-8EEF-485E-B1B8-FD68F319D8C2}.Release|Any CPU.ActiveCfg = Release|Any CPU
		{7D9F12AC-8EEF-485E-B1B8-FD68F319D8C2}.Release|Any CPU.Build.0 = Release|Any CPU
		{7D9F12AC-8EEF-485E-B1B8-FD68F319D8C2}.Release|x64.ActiveCfg = Release|Any CPU
		{7D9F12AC-8EEF-485E-B1B8-FD68F319D8C2}.Release|x64.Build.0 = Release|Any CPU
		{7D9F12AC-8EEF-485E-B1B8-FD68F319D8C2}.Release|x86.ActiveCfg = Release|Any CPU
		{7D9F12AC-8EEF-485E-B1B8-FD68F319D8C2}.Release|x86.Build.0 = Release|Any CPU
		{1B3DA846-07FB-473D-BA20-517BACF814DD}.Debug|Any CPU.ActiveCfg = Debug|Any CPU
		{1B3DA846-07FB-473D-BA20-517BACF814DD}.Debug|Any CPU.Build.0 = Debug|Any CPU
		{1B3DA846-07FB-473D-BA20-517BACF814DD}.Debug|x64.ActiveCfg = Debug|Any CPU
		{1B3DA846-07FB-473D-BA20-517BACF814DD}.Debug|x64.Build.0 = Debug|Any CPU
		{1B3DA846-07FB-473D-BA20-517BACF814DD}.Debug|x86.ActiveCfg = Debug|Any CPU
		{1B3DA846-07FB-473D-BA20-517BACF814DD}.Debug|x86.Build.0 = Debug|Any CPU
		{1B3DA846-07FB-473D-BA20-517BACF814DD}.Release|Any CPU.ActiveCfg = Release|Any CPU
		{1B3DA846-07FB-473D-BA20-517BACF814DD}.Release|Any CPU.Build.0 = Release|Any CPU
		{1B3DA846-07FB-473D-BA20-517BACF814DD}.Release|x64.ActiveCfg = Release|Any CPU
		{1B3DA846-07FB-473D-BA20-517BACF814DD}.Release|x64.Build.0 = Release|Any CPU
		{1B3DA846-07FB-473D-BA20-517BACF814DD}.Release|x86.ActiveCfg = Release|Any CPU
		{1B3DA846-07FB-473D-BA20-517BACF814DD}.Release|x86.Build.0 = Release|Any CPU
		{B4E0340F-053A-4CD4-801E-364326762E94}.Debug|Any CPU.ActiveCfg = Debug|Any CPU
		{B4E0340F-053A-4CD4-801E-364326762E94}.Debug|Any CPU.Build.0 = Debug|Any CPU
		{B4E0340F-053A-4CD4-801E-364326762E94}.Debug|x64.ActiveCfg = Debug|Any CPU
		{B4E0340F-053A-4CD4-801E-364326762E94}.Debug|x64.Build.0 = Debug|Any CPU
		{B4E0340F-053A-4CD4-801E-364326762E94}.Debug|x86.ActiveCfg = Debug|Any CPU
		{B4E0340F-053A-4CD4-801E-364326762E94}.Debug|x86.Build.0 = Debug|Any CPU
		{B4E0340F-053A-4CD4-801E-364326762E94}.Release|Any CPU.ActiveCfg = Release|Any CPU
		{B4E0340F-053A-4CD4-801E-364326762E94}.Release|Any CPU.Build.0 = Release|Any CPU
		{B4E0340F-053A-4CD4-801E-364326762E94}.Release|x64.ActiveCfg = Release|Any CPU
		{B4E0340F-053A-4CD4-801E-364326762E94}.Release|x64.Build.0 = Release|Any CPU
		{B4E0340F-053A-4CD4-801E-364326762E94}.Release|x86.ActiveCfg = Release|Any CPU
		{B4E0340F-053A-4CD4-801E-364326762E94}.Release|x86.Build.0 = Release|Any CPU
	EndGlobalSection
	GlobalSection(SolutionProperties) = preSolution
		HideSolutionNode = FALSE
	EndGlobalSection
	GlobalSection(NestedProjects) = preSolution
		{47B524AB-280A-4979-9F75-781CEA14E9EA} = {827E0CD3-B72D-47B6-A68D-7590B98EB39B}
		{B34C9C9D-433C-40C3-A51B-5AF5AF2F2FB3} = {827E0CD3-B72D-47B6-A68D-7590B98EB39B}
		{85F86154-6095-5605-372C-0FBDF165C1A4} = {827E0CD3-B72D-47B6-A68D-7590B98EB39B}
		{384F27E0-CDE3-4F36-AE79-2400BDC9F247} = {85F86154-6095-5605-372C-0FBDF165C1A4}
		{7D9F12AC-8EEF-485E-B1B8-FD68F319D8C2} = {827E0CD3-B72D-47B6-A68D-7590B98EB39B}
		{1B3DA846-07FB-473D-BA20-517BACF814DD} = {827E0CD3-B72D-47B6-A68D-7590B98EB39B}
		{B4E0340F-053A-4CD4-801E-364326762E94} = {0C88DD14-F956-CE84-757C-A364CCF449FC}
	EndGlobalSection
EndGlobal
